
Microsoft Visual Studio Solution File, Format Version 12.00
Project("{FAE04EC0-301F-11D3-BF4B-00C04F79EFBC}") = "UsecaseStreams", "UsecaseStreams\UsecaseStreams.csproj", "{BD78759F-51B4-468D-87E4-3267C43369B0}"
EndProject
Global
	GlobalSection(SolutionConfigurationPlatforms) = preSolution
		Debug|Any CPU = Debug|Any CPU
		Release|Any CPU = Release|Any CPU
	EndGlobalSection
	GlobalSection(ProjectConfigurationPlatforms) = postSolution
		{BD78759F-51B4-468D-87E4-3267C43369B0}.Debug|Any CPU.ActiveCfg = Debug|Any CPU
		{BD78759F-51B4-468D-87E4-3267C43369B0}.Debug|Any CPU.Build.0 = Debug|Any CPU
		{BD78759F-51B4-468D-87E4-3267C43369B0}.Release|Any CPU.ActiveCfg = Release|Any CPU
		{BD78759F-51B4-468D-87E4-3267C43369B0}.Release|Any CPU.Build.0 = Release|Any CPU
	EndGlobalSection
EndGlobal
